
Microsoft Visual Studio Solution File, Format Version 12.00
# Visual Studio Version 16
VisualStudioVersion = 16.0.30804.86
MinimumVisualStudioVersion = 10.0.40219.1
Project("{9A19103F-16F7-4668-BE54-9A1E7A4F7556}") = "Solar_Facts", "Solar_Facts\Solar_Facts.csproj", "{60AC80BF-7E03-4732-A13F-0B0DB06B45B8}"
EndProject
Project("{9A19103F-16F7-4668-BE54-9A1E7A4F7556}") = "Solar_Facts.DAL", "Solar_Facts.DAL\Solar_Facts.DAL.csproj", "{C5746F07-0B60-4C86-AA8D-417F074F329F}"
EndProject
Project("{FAE04EC0-301F-11D3-BF4B-00C04F79EFBC}") = "SolarFactsTest", "SolarFactsTest\SolarFactsTest.csproj", "{8E98A662-D0C5-4EC6-9C0F-0A833A049E8B}"
EndProject
Global
	GlobalSection(SolutionConfigurationPlatforms) = preSolution
		Debug|Any CPU = Debug|Any CPU
		Release|Any CPU = Release|Any CPU
	EndGlobalSection
	GlobalSection(ProjectConfigurationPlatforms) = postSolution
		{60AC80BF-7E03-4732-A13F-0B0DB06B45B8}.Debug|Any CPU.ActiveCfg = Debug|Any CPU
		{60AC80BF-7E03-4732-A13F-0B0DB06B45B8}.Debug|Any CPU.Build.0 = Debug|Any CPU
		{60AC80BF-7E03-4732-A13F-0B0DB06B45B8}.Release|Any CPU.ActiveCfg = Release|Any CPU
		{60AC80BF-7E03-4732-A13F-0B0DB06B45B8}.Release|Any CPU.Build.0 = Release|Any CPU
		{C5746F07-0B60-4C86-AA8D-417F074F329F}.Debug|Any CPU.ActiveCfg = Debug|Any CPU
		{C5746F07-0B60-4C86-AA8D-417F074F329F}.Debug|Any CPU.Build.0 = Debug|Any CPU
		{C5746F07-0B60-4C86-AA8D-417F074F329F}.Release|Any CPU.ActiveCfg = Release|Any CPU
		{C5746F07-0B60-4C86-AA8D-417F074F329F}.Release|Any CPU.Build.0 = Release|Any CPU
		{8E98A662-D0C5-4EC6-9C0F-0A833A049E8B}.Debug|Any CPU.ActiveCfg = Debug|Any CPU
		{8E98A662-D0C5-4EC6-9C0F-0A833A049E8B}.Debug|Any CPU.Build.0 = Debug|Any CPU
		{8E98A662-D0C5-4EC6-9C0F-0A833A049E8B}.Release|Any CPU.ActiveCfg = Release|Any CPU
		{8E98A662-D0C5-4EC6-9C0F-0A833A049E8B}.Release|Any CPU.Build.0 = Release|Any CPU
	EndGlobalSection
	GlobalSection(SolutionProperties) = preSolution
		HideSolutionNode = FALSE
	EndGlobalSection
	GlobalSection(ExtensibilityGlobals) = postSolution
		SolutionGuid = {6A4CD35E-C896-4727-8A75-3894B741E00B}
	EndGlobalSection
EndGlobal
